{
  "version": 4,
  "terraform_version": "1.3.9",
  "serial": 31,
  "lineage": "a8a253b8-5272-7c4e-9d0c-4777356d276d",
  "outputs": {
    "cloudrun_url": {
      "value": "https://teste-srv-vup7tveiyq-uc.a.run.app",
      "type": "string"
    }
  },
  "resources": [
    {
      "module": "module.gcp-cloud-run",
      "mode": "managed",
      "type": "google_cloud_run_service",
      "name": "cloud-run",
      "provider": "provider[\"registry.terraform.io/hashicorp/google\"]",
      "instances": [
        {
          "schema_version": 1,
          "attributes": {
            "autogenerate_revision_name": true,
            "id": "locations/us-central1/namespaces/dynamic-cooler-378812/services/teste-srv",
            "location": "us-central1",
            "metadata": [
              {
                "annotations": {
                  "client.knative.dev/user-image": "qzzdocker24/3xa",
                  "run.googleapis.com/client-name": "terraform",
                  "run.googleapis.com/ingress": "all",
                  "run.googleapis.com/ingress-status": "all",
                  "run.googleapis.com/operation-id": "b68ab795-da86-4223-8ae8-cfb4067cb419",
                  "serving.knative.dev/creator": "terraform@dynamic-cooler-378812.iam.gserviceaccount.com",
                  "serving.knative.dev/lastModifier": "terraform@dynamic-cooler-378812.iam.gserviceaccount.com"
                },
                "generation": 2,
                "labels": {
                  "cloud.googleapis.com/location": "us-central1"
                },
                "namespace": "dynamic-cooler-378812",
                "resource_version": "AAX1qPgXu5M",
                "self_link": "/apis/serving.knative.dev/v1/namespaces/706970900098/services/teste-srv",
                "uid": "c8995f1a-2dfe-4b91-82b5-87432df3bda6"
              }
            ],
            "name": "teste-srv",
            "project": "dynamic-cooler-378812",
            "status": [
              {
                "conditions": [
                  {
                    "message": "",
                    "reason": "",
                    "status": "True",
                    "type": "Ready"
                  },
                  {
                    "message": "",
                    "reason": "",
                    "status": "True",
                    "type": "ConfigurationsReady"
                  },
                  {
                    "message": "",
                    "reason": "",
                    "status": "True",
                    "type": "RoutesReady"
                  }
                ],
                "latest_created_revision_name": "teste-srv-hvlb8",
                "latest_ready_revision_name": "teste-srv-hvlb8",
                "observed_generation": 2,
                "url": "https://teste-srv-vup7tveiyq-uc.a.run.app"
              }
            ],
            "template": [
              {
                "metadata": [
                  {
                    "annotations": {
                      "autoscaling.knative.dev/maxScale": "2",
                      "autoscaling.knative.dev/minScale": "1"
                    },
                    "generation": 0,
                    "labels": {},
                    "name": "",
                    "namespace": "",
                    "resource_version": "",
                    "self_link": "",
                    "uid": ""
                  }
                ],
                "spec": [
                  {
                    "container_concurrency": 80,
                    "containers": [
                      {
                        "args": [],
                        "command": [],
                        "env": [
                          {
                            "name": "API_PORT",
                            "value": "8080",
                            "value_from": []
                          },
                          {
                            "name": "DATABASE_URL",
                            "value": "postgresql://3xa:12345@34.125.137.241:5438/3xa",
                            "value_from": []
                          }
                        ],
                        "env_from": [],
                        "image": "qzzdocker24/3xa",
                        "ports": [
                          {
                            "container_port": 8080,
                            "name": "http1",
                            "protocol": ""
                          }
                        ],
                        "resources": [
                          {
                            "limits": {
                              "cpu": "1000m",
                              "memory": "512Mi"
                            },
                            "requests": {}
                          }
                        ],
                        "volume_mounts": [],
                        "working_dir": ""
                      }
                    ],
                    "service_account_name": "706970900098-compute@developer.gserviceaccount.com",
                    "serving_state": "",
                    "timeout_seconds": 300,
                    "volumes": []
                  }
                ]
              }
            ],
            "timeouts": null,
            "traffic": [
              {
                "latest_revision": true,
                "percent": 100,
                "revision_name": "",
                "tag": "",
                "url": ""
              }
            ]
          },
          "sensitive_attributes": [],
          "private": "eyJlMmJmYjczMC1lY2FhLTExZTYtOGY4OC0zNDM2M2JjN2M0YzAiOnsiY3JlYXRlIjoxMjAwMDAwMDAwMDAwLCJkZWxldGUiOjEyMDAwMDAwMDAwMDAsInVwZGF0ZSI6MTIwMDAwMDAwMDAwMH0sInNjaGVtYV92ZXJzaW9uIjoiMSJ9"
        }
      ]
    },
    {
      "module": "module.gcp-cloud-run",
      "mode": "managed",
      "type": "google_cloud_run_service_iam_member",
      "name": "public_access",
      "provider": "provider[\"registry.terraform.io/hashicorp/google\"]",
      "instances": [
        {
          "index_key": 0,
          "schema_version": 0,
          "attributes": {
            "condition": [],
            "etag": "BwX1qN0N7A4=",
            "id": "v1/projects/dynamic-cooler-378812/locations/us-central1/services/teste-srv/roles/run.invoker/allUsers",
            "location": "us-central1",
            "member": "allUsers",
            "project": "dynamic-cooler-378812",
            "role": "roles/run.invoker",
            "service": "v1/projects/dynamic-cooler-378812/locations/us-central1/services/teste-srv"
          },
          "sensitive_attributes": [],
          "private": "bnVsbA==",
          "dependencies": [
            "module.gcp-cloud-run.google_cloud_run_service.cloud-run"
          ]
        }
      ]
    }
  ],
  "check_results": null
}
